
Microsoft Visual Studio Solution File, Format Version 12.00
# Visual Studio Version 16
VisualStudioVersion = 16.0.31410.357
MinimumVisualStudioVersion = 10.0.40219.1
Project("{FAE04EC0-301F-11D3-BF4B-00C04F79EFBC}") = "TrabajoPractico2", "TrabajoPractico2\TrabajoPractico2.csproj", "{B38C5B29-BFB7-48C8-9BA2-30C6FDB25DBE}"
EndProject
Global
	GlobalSection(SolutionConfigurationPlatforms) = preSolution
		Debug|Any CPU = Debug|Any CPU
		Release|Any CPU = Release|Any CPU
	EndGlobalSection
	GlobalSection(ProjectConfigurationPlatforms) = postSolution
		{B38C5B29-BFB7-48C8-9BA2-30C6FDB25DBE}.Debug|Any CPU.ActiveCfg = Debug|Any CPU
		{B38C5B29-BFB7-48C8-9BA2-30C6FDB25DBE}.Debug|Any CPU.Build.0 = Debug|Any CPU
		{B38C5B29-BFB7-48C8-9BA2-30C6FDB25DBE}.Release|Any CPU.ActiveCfg = Release|Any CPU
		{B38C5B29-BFB7-48C8-9BA2-30C6FDB25DBE}.Release|Any CPU.Build.0 = Release|Any CPU
	EndGlobalSection
	GlobalSection(SolutionProperties) = preSolution
		HideSolutionNode = FALSE
	EndGlobalSection
	GlobalSection(ExtensibilityGlobals) = postSolution
		SolutionGuid = {906475D0-4D91-4633-9F8E-5C58F7F5592B}
	EndGlobalSection
EndGlobal
